
Microsoft Visual Studio Solution File, Format Version 12.00
# Visual Studio 15
VisualStudioVersion = 15.0.27004.2010
MinimumVisualStudioVersion = 10.0.40219.1
Project("{9A19103F-16F7-4668-BE54-9A1E7A4F7556}") = "SP18.PF.Core", "SP18.PF.Core\SP18.PF.Core.csproj", "{B6E8A326-9865-46A7-9E29-0DB485A72D56}"
EndProject
Project("{9A19103F-16F7-4668-BE54-9A1E7A4F7556}") = "SP18.PF.Web", "SP18.PF.Web\SP18.PF.Web.csproj", "{C208C6B9-D7D3-4BA8-ACF2-731AEF0B417A}"
EndProject
Project("{9A19103F-16F7-4668-BE54-9A1E7A4F7556}") = "SP18.PF.Tests", "SP18.PF.Tests\SP18.PF.Tests.csproj", "{2F043FE8-5331-406C-AC78-1D0571D0D88C}"
EndProject
Project("{FAE04EC0-301F-11D3-BF4B-00C04F79EFBC}") = "SP18.PF.Mobile.Android", "SP18.PF.Mobile\SP18.PF.Mobile.Android\SP18.PF.Mobile.Android.csproj", "{EB4DE1B6-F886-435F-B798-D197CD8C56B2}"
EndProject
Project("{FAE04EC0-301F-11D3-BF4B-00C04F79EFBC}") = "SP18.PF.Mobile.iOS", "SP18.PF.Mobile\SP18.PF.Mobile.iOS\SP18.PF.Mobile.iOS.csproj", "{EF373994-A8D7-4D33-A982-FEDC22E0EDC6}"
EndProject
Project("{FAE04EC0-301F-11D3-BF4B-00C04F79EFBC}") = "SP18.PF.Mobile", "SP18.PF.Mobile\SP18.PF.Mobile\SP18.PF.Mobile.csproj", "{34F9EEBF-33D0-4533-B0F6-802D1115DFC3}"
EndProject
Global
	GlobalSection(SolutionConfigurationPlatforms) = preSolution
		Ad-Hoc|Any CPU = Ad-Hoc|Any CPU
		Ad-Hoc|iPhone = Ad-Hoc|iPhone
		Ad-Hoc|iPhoneSimulator = Ad-Hoc|iPhoneSimulator
		AppStore|Any CPU = AppStore|Any CPU
		AppStore|iPhone = AppStore|iPhone
		AppStore|iPhoneSimulator = AppStore|iPhoneSimulator
		Debug|Any CPU = Debug|Any CPU
		Debug|iPhone = Debug|iPhone
		Debug|iPhoneSimulator = Debug|iPhoneSimulator
		Release|Any CPU = Release|Any CPU
		Release|iPhone = Release|iPhone
		Release|iPhoneSimulator = Release|iPhoneSimulator
	EndGlobalSection
	GlobalSection(ProjectConfigurationPlatforms) = postSolution
		{B6E8A326-9865-46A7-9E29-0DB485A72D56}.Ad-Hoc|Any CPU.ActiveCfg = Release|Any CPU
		{B6E8A326-9865-46A7-9E29-0DB485A72D56}.Ad-Hoc|Any CPU.Build.0 = Release|Any CPU
		{B6E8A326-9865-46A7-9E29-0DB485A72D56}.Ad-Hoc|iPhone.ActiveCfg = Release|Any CPU
		{B6E8A326-9865-46A7-9E29-0DB485A72D56}.Ad-Hoc|iPhone.Build.0 = Release|Any CPU
		{B6E8A326-9865-46A7-9E29-0DB485A72D56}.Ad-Hoc|iPhoneSimulator.ActiveCfg = Release|Any CPU
		{B6E8A326-9865-46A7-9E29-0DB485A72D56}.Ad-Hoc|iPhoneSimulator.Build.0 = Release|Any CPU
		{B6E8A326-9865-46A7-9E29-0DB485A72D56}.AppStore|Any CPU.ActiveCfg = Release|Any CPU
		{B6E8A326-9865-46A7-9E29-0DB485A72D56}.AppStore|Any CPU.Build.0 = Release|Any CPU
		{B6E8A326-9865-46A7-9E29-0DB485A72D56}.AppStore|iPhone.ActiveCfg = Release|Any CPU
		{B6E8A326-9865-46A7-9E29-0DB485A72D56}.AppStore|iPhone.Build.0 = Release|Any CPU
		{B6E8A326-9865-46A7-9E29-0DB485A72D56}.AppStore|iPhoneSimulator.ActiveCfg = Release|Any CPU
		{B6E8A326-9865-46A7-9E29-0DB485A72D56}.AppStore|iPhoneSimulator.Build.0 = Release|Any CPU
		{B6E8A326-9865-46A7-9E29-0DB485A72D56}.Debug|Any CPU.ActiveCfg = Debug|Any CPU
		{B6E8A326-9865-46A7-9E29-0DB485A72D56}.Debug|Any CPU.Build.0 = Debug|Any CPU
		{B6E8A326-9865-46A7-9E29-0DB485A72D56}.Debug|iPhone.ActiveCfg = Debug|Any CPU
		{B6E8A326-9865-46A7-9E29-0DB485A72D56}.Debug|iPhone.Build.0 = Debug|Any CPU
		{B6E8A326-9865-46A7-9E29-0DB485A72D56}.Debug|iPhoneSimulator.ActiveCfg = Debug|Any CPU
		{B6E8A326-9865-46A7-9E29-0DB485A72D56}.Debug|iPhoneSimulator.Build.0 = Debug|Any CPU
		{B6E8A326-9865-46A7-9E29-0DB485A72D56}.Release|Any CPU.ActiveCfg = Release|Any CPU
		{B6E8A326-9865-46A7-9E29-0DB485A72D56}.Release|Any CPU.Build.0 = Release|Any CPU
		{B6E8A326-9865-46A7-9E29-0DB485A72D56}.Release|iPhone.ActiveCfg = Release|Any CPU
		{B6E8A326-9865-46A7-9E29-0DB485A72D56}.Release|iPhone.Build.0 = Release|Any CPU
		{B6E8A326-9865-46A7-9E29-0DB485A72D56}.Release|iPhoneSimulator.ActiveCfg = Release|Any CPU
		{B6E8A326-9865-46A7-9E29-0DB485A72D56}.Release|iPhoneSimulator.Build.0 = Release|Any CPU
		{C208C6B9-D7D3-4BA8-ACF2-731AEF0B417A}.Ad-Hoc|Any CPU.ActiveCfg = Release|Any CPU
		{C208C6B9-D7D3-4BA8-ACF2-731AEF0B417A}.Ad-Hoc|Any CPU.Build.0 = Release|Any CPU
		{C208C6B9-D7D3-4BA8-ACF2-731AEF0B417A}.Ad-Hoc|iPhone.ActiveCfg = Release|Any CPU
		{C208C6B9-D7D3-4BA8-ACF2-731AEF0B417A}.Ad-Hoc|iPhone.Build.0 = Release|Any CPU
		{C208C6B9-D7D3-4BA8-ACF2-731AEF0B417A}.Ad-Hoc|iPhoneSimulator.ActiveCfg = Release|Any CPU
		{C208C6B9-D7D3-4BA8-ACF2-731AEF0B417A}.Ad-Hoc|iPhoneSimulator.Build.0 = Release|Any CPU
		{C208C6B9-D7D3-4BA8-ACF2-731AEF0B417A}.AppStore|Any CPU.ActiveCfg = Release|Any CPU
		{C208C6B9-D7D3-4BA8-ACF2-731AEF0B417A}.AppStore|Any CPU.Build.0 = Release|Any CPU
		{C208C6B9-D7D3-4BA8-ACF2-731AEF0B417A}.AppStore|iPhone.ActiveCfg = Release|Any CPU
		{C208C6B9-D7D3-4BA8-ACF2-731AEF0B417A}.AppStore|iPhone.Build.0 = Release|Any CPU
		{C208C6B9-D7D3-4BA8-ACF2-731AEF0B417A}.AppStore|iPhoneSimulator.ActiveCfg = Release|Any CPU
		{C208C6B9-D7D3-4BA8-ACF2-731AEF0B417A}.AppStore|iPhoneSimulator.Build.0 = Release|Any CPU
		{C208C6B9-D7D3-4BA8-ACF2-731AEF0B417A}.Debug|Any CPU.ActiveCfg = Debug|Any CPU
		{C208C6B9-D7D3-4BA8-ACF2-731AEF0B417A}.Debug|Any CPU.Build.0 = Debug|Any CPU
		{C208C6B9-D7D3-4BA8-ACF2-731AEF0B417A}.Debug|iPhone.ActiveCfg = Debug|Any CPU
		{C208C6B9-D7D3-4BA8-ACF2-731AEF0B417A}.Debug|iPhone.Build.0 = Debug|Any CPU
		{C208C6B9-D7D3-4BA8-ACF2-731AEF0B417A}.Debug|iPhoneSimulator.ActiveCfg = Debug|Any CPU
		{C208C6B9-D7D3-4BA8-ACF2-731AEF0B417A}.Debug|iPhoneSimulator.Build.0 = Debug|Any CPU
		{C208C6B9-D7D3-4BA8-ACF2-731AEF0B417A}.Release|Any CPU.ActiveCfg = Release|Any CPU
		{C208C6B9-D7D3-4BA8-ACF2-731AEF0B417A}.Release|Any CPU.Build.0 = Release|Any CPU
		{C208C6B9-D7D3-4BA8-ACF2-731AEF0B417A}.Release|iPhone.ActiveCfg = Release|Any CPU
		{C208C6B9-D7D3-4BA8-ACF2-731AEF0B417A}.Release|iPhone.Build.0 = Release|Any CPU
		{C208C6B9-D7D3-4BA8-ACF2-731AEF0B417A}.Release|iPhoneSimulator.ActiveCfg = Release|Any CPU
		{C208C6B9-D7D3-4BA8-ACF2-731AEF0B417A}.Release|iPhoneSimulator.Build.0 = Release|Any CPU
		{2F043FE8-5331-406C-AC78-1D0571D0D88C}.Ad-Hoc|Any CPU.ActiveCfg = Release|Any CPU
		{2F043FE8-5331-406C-AC78-1D0571D0D88C}.Ad-Hoc|Any CPU.Build.0 = Release|Any CPU
		{2F043FE8-5331-406C-AC78-1D0571D0D88C}.Ad-Hoc|iPhone.ActiveCfg = Release|Any CPU
		{2F043FE8-5331-406C-AC78-1D0571D0D88C}.Ad-Hoc|iPhone.Build.0 = Release|Any CPU
		{2F043FE8-5331-406C-AC78-1D0571D0D88C}.Ad-Hoc|iPhoneSimulator.ActiveCfg = Release|Any CPU
		{2F043FE8-5331-406C-AC78-1D0571D0D88C}.Ad-Hoc|iPhoneSimulator.Build.0 = Release|Any CPU
		{2F043FE8-5331-406C-AC78-1D0571D0D88C}.AppStore|Any CPU.ActiveCfg = Release|Any CPU
		{2F043FE8-5331-406C-AC78-1D0571D0D88C}.AppStore|Any CPU.Build.0 = Release|Any CPU
		{2F043FE8-5331-406C-AC78-1D0571D0D88C}.AppStore|iPhone.ActiveCfg = Release|Any CPU
		{2F043FE8-5331-406C-AC78-1D0571D0D88C}.AppStore|iPhone.Build.0 = Release|Any CPU
		{2F043FE8-5331-406C-AC78-1D0571D0D88C}.AppStore|iPhoneSimulator.ActiveCfg = Release|Any CPU
		{2F043FE8-5331-406C-AC78-1D0571D0D88C}.AppStore|iPhoneSimulator.Build.0 = Release|Any CPU
		{2F043FE8-5331-406C-AC78-1D0571D0D88C}.Debug|Any CPU.ActiveCfg = Debug|Any CPU
		{2F043FE8-5331-406C-AC78-1D0571D0D88C}.Debug|Any CPU.Build.0 = Debug|Any CPU
		{2F043FE8-5331-406C-AC78-1D0571D0D88C}.Debug|iPhone.ActiveCfg = Debug|Any CPU
		{2F043FE8-5331-406C-AC78-1D0571D0D88C}.Debug|iPhone.Build.0 = Debug|Any CPU
		{2F043FE8-5331-406C-AC78-1D0571D0D88C}.Debug|iPhoneSimulator.ActiveCfg = Debug|Any CPU
		{2F043FE8-5331-406C-AC78-1D0571D0D88C}.Debug|iPhoneSimulator.Build.0 = Debug|Any CPU
		{2F043FE8-5331-406C-AC78-1D0571D0D88C}.Release|Any CPU.ActiveCfg = Release|Any CPU
		{2F043FE8-5331-406C-AC78-1D0571D0D88C}.Release|Any CPU.Build.0 = Release|Any CPU
		{2F043FE8-5331-406C-AC78-1D0571D0D88C}.Release|iPhone.ActiveCfg = Release|Any CPU
		{2F043FE8-5331-406C-AC78-1D0571D0D88C}.Release|iPhone.Build.0 = Release|Any CPU
		{2F043FE8-5331-406C-AC78-1D0571D0D88C}.Release|iPhoneSimulator.ActiveCfg = Release|Any CPU
		{2F043FE8-5331-406C-AC78-1D0571D0D88C}.Release|iPhoneSimulator.Build.0 = Release|Any CPU
		{EB4DE1B6-F886-435F-B798-D197CD8C56B2}.Ad-Hoc|Any CPU.ActiveCfg = Release|Any CPU
		{EB4DE1B6-F886-435F-B798-D197CD8C56B2}.Ad-Hoc|Any CPU.Build.0 = Release|Any CPU
		{EB4DE1B6-F886-435F-B798-D197CD8C56B2}.Ad-Hoc|Any CPU.Deploy.0 = Release|Any CPU
		{EB4DE1B6-F886-435F-B798-D197CD8C56B2}.Ad-Hoc|iPhone.ActiveCfg = Release|Any CPU
		{EB4DE1B6-F886-435F-B798-D197CD8C56B2}.Ad-Hoc|iPhone.Build.0 = Release|Any CPU
		{EB4DE1B6-F886-435F-B798-D197CD8C56B2}.Ad-Hoc|iPhone.Deploy.0 = Release|Any CPU
		{EB4DE1B6-F886-435F-B798-D197CD8C56B2}.Ad-Hoc|iPhoneSimulator.ActiveCfg = Release|Any CPU
		{EB4DE1B6-F886-435F-B798-D197CD8C56B2}.Ad-Hoc|iPhoneSimulator.Build.0 = Release|Any CPU
		{EB4DE1B6-F886-435F-B798-D197CD8C56B2}.Ad-Hoc|iPhoneSimulator.Deploy.0 = Release|Any CPU
		{EB4DE1B6-F886-435F-B798-D197CD8C56B2}.AppStore|Any CPU.ActiveCfg = Release|Any CPU
		{EB4DE1B6-F886-435F-B798-D197CD8C56B2}.AppStore|Any CPU.Build.0 = Release|Any CPU
		{EB4DE1B6-F886-435F-B798-D197CD8C56B2}.AppStore|Any CPU.Deploy.0 = Release|Any CPU
		{EB4DE1B6-F886-435F-B798-D197CD8C56B2}.AppStore|iPhone.ActiveCfg = Release|Any CPU
		{EB4DE1B6-F886-435F-B798-D197CD8C56B2}.AppStore|iPhone.Build.0 = Release|Any CPU
		{EB4DE1B6-F886-435F-B798-D197CD8C56B2}.AppStore|iPhone.Deploy.0 = Release|Any CPU
		{EB4DE1B6-F886-435F-B798-D197CD8C56B2}.AppStore|iPhoneSimulator.ActiveCfg = Release|Any CPU
		{EB4DE1B6-F886-435F-B798-D197CD8C56B2}.AppStore|iPhoneSimulator.Build.0 = Release|Any CPU
		{EB4DE1B6-F886-435F-B798-D197CD8C56B2}.AppStore|iPhoneSimulator.Deploy.0 = Release|Any CPU
		{EB4DE1B6-F886-435F-B798-D197CD8C56B2}.Debug|Any CPU.ActiveCfg = Debug|Any CPU
		{EB4DE1B6-F886-435F-B798-D197CD8C56B2}.Debug|Any CPU.Build.0 = Debug|Any CPU
		{EB4DE1B6-F886-435F-B798-D197CD8C56B2}.Debug|Any CPU.Deploy.0 = Debug|Any CPU
		{EB4DE1B6-F886-435F-B798-D197CD8C56B2}.Debug|iPhone.ActiveCfg = Debug|Any CPU
		{EB4DE1B6-F886-435F-B798-D197CD8C56B2}.Debug|iPhone.Build.0 = Debug|Any CPU
		{EB4DE1B6-F886-435F-B798-D197CD8C56B2}.Debug|iPhone.Deploy.0 = Debug|Any CPU
		{EB4DE1B6-F886-435F-B798-D197CD8C56B2}.Debug|iPhoneSimulator.ActiveCfg = Debug|Any CPU
		{EB4DE1B6-F886-435F-B798-D197CD8C56B2}.Debug|iPhoneSimulator.Build.0 = Debug|Any CPU
		{EB4DE1B6-F886-435F-B798-D197CD8C56B2}.Debug|iPhoneSimulator.Deploy.0 = Debug|Any CPU
		{EB4DE1B6-F886-435F-B798-D197CD8C56B2}.Release|Any CPU.ActiveCfg = Release|Any CPU
		{EB4DE1B6-F886-435F-B798-D197CD8C56B2}.Release|Any CPU.Build.0 = Release|Any CPU
		{EB4DE1B6-F886-435F-B798-D197CD8C56B2}.Release|Any CPU.Deploy.0 = Release|Any CPU
		{EB4DE1B6-F886-435F-B798-D197CD8C56B2}.Release|iPhone.ActiveCfg = Release|Any CPU
		{EB4DE1B6-F886-435F-B798-D197CD8C56B2}.Release|iPhone.Build.0 = Release|Any CPU
		{EB4DE1B6-F886-435F-B798-D197CD8C56B2}.Release|iPhone.Deploy.0 = Release|Any CPU
		{EB4DE1B6-F886-435F-B798-D197CD8C56B2}.Release|iPhoneSimulator.ActiveCfg = Release|Any CPU
		{EB4DE1B6-F886-435F-B798-D197CD8C56B2}.Release|iPhoneSimulator.Build.0 = Release|Any CPU
		{EB4DE1B6-F886-435F-B798-D197CD8C56B2}.Release|iPhoneSimulator.Deploy.0 = Release|Any CPU
		{EF373994-A8D7-4D33-A982-FEDC22E0EDC6}.Ad-Hoc|Any CPU.ActiveCfg = Ad-Hoc|iPhone
		{EF373994-A8D7-4D33-A982-FEDC22E0EDC6}.Ad-Hoc|iPhone.ActiveCfg = Ad-Hoc|iPhone
		{EF373994-A8D7-4D33-A982-FEDC22E0EDC6}.Ad-Hoc|iPhone.Build.0 = Ad-Hoc|iPhone
		{EF373994-A8D7-4D33-A982-FEDC22E0EDC6}.Ad-Hoc|iPhoneSimulator.ActiveCfg = Ad-Hoc|iPhoneSimulator
		{EF373994-A8D7-4D33-A982-FEDC22E0EDC6}.Ad-Hoc|iPhoneSimulator.Build.0 = Ad-Hoc|iPhoneSimulator
		{EF373994-A8D7-4D33-A982-FEDC22E0EDC6}.AppStore|Any CPU.ActiveCfg = AppStore|iPhone
		{EF373994-A8D7-4D33-A982-FEDC22E0EDC6}.AppStore|iPhone.ActiveCfg = AppStore|iPhone
		{EF373994-A8D7-4D33-A982-FEDC22E0EDC6}.AppStore|iPhone.Build.0 = AppStore|iPhone
		{EF373994-A8D7-4D33-A982-FEDC22E0EDC6}.AppStore|iPhoneSimulator.ActiveCfg = AppStore|iPhoneSimulator
		{EF373994-A8D7-4D33-A982-FEDC22E0EDC6}.AppStore|iPhoneSimulator.Build.0 = AppStore|iPhoneSimulator
		{EF373994-A8D7-4D33-A982-FEDC22E0EDC6}.Debug|Any CPU.ActiveCfg = Debug|iPhone
		{EF373994-A8D7-4D33-A982-FEDC22E0EDC6}.Debug|iPhone.ActiveCfg = Debug|iPhone
		{EF373994-A8D7-4D33-A982-FEDC22E0EDC6}.Debug|iPhone.Build.0 = Debug|iPhone
		{EF373994-A8D7-4D33-A982-FEDC22E0EDC6}.Debug|iPhoneSimulator.ActiveCfg = Debug|iPhoneSimulator
		{EF373994-A8D7-4D33-A982-FEDC22E0EDC6}.Debug|iPhoneSimulator.Build.0 = Debug|iPhoneSimulator
		{EF373994-A8D7-4D33-A982-FEDC22E0EDC6}.Release|Any CPU.ActiveCfg = Release|iPhone
		{EF373994-A8D7-4D33-A982-FEDC22E0EDC6}.Release|iPhone.ActiveCfg = Release|iPhone
		{EF373994-A8D7-4D33-A982-FEDC22E0EDC6}.Release|iPhone.Build.0 = Release|iPhone
		{EF373994-A8D7-4D33-A982-FEDC22E0EDC6}.Release|iPhoneSimulator.ActiveCfg = Release|iPhoneSimulator
		{EF373994-A8D7-4D33-A982-FEDC22E0EDC6}.Release|iPhoneSimulator.Build.0 = Release|iPhoneSimulator
		{34F9EEBF-33D0-4533-B0F6-802D1115DFC3}.Ad-Hoc|Any CPU.ActiveCfg = Debug|Any CPU
		{34F9EEBF-33D0-4533-B0F6-802D1115DFC3}.Ad-Hoc|Any CPU.Build.0 = Debug|Any CPU
		{34F9EEBF-33D0-4533-B0F6-802D1115DFC3}.Ad-Hoc|iPhone.ActiveCfg = Debug|Any CPU
		{34F9EEBF-33D0-4533-B0F6-802D1115DFC3}.Ad-Hoc|iPhone.Build.0 = Debug|Any CPU
		{34F9EEBF-33D0-4533-B0F6-802D1115DFC3}.Ad-Hoc|iPhoneSimulator.ActiveCfg = Debug|Any CPU
		{34F9EEBF-33D0-4533-B0F6-802D1115DFC3}.Ad-Hoc|iPhoneSimulator.Build.0 = Debug|Any CPU
		{34F9EEBF-33D0-4533-B0F6-802D1115DFC3}.AppStore|Any CPU.ActiveCfg = Debug|Any CPU
		{34F9EEBF-33D0-4533-B0F6-802D1115DFC3}.AppStore|Any CPU.Build.0 = Debug|Any CPU
		{34F9EEBF-33D0-4533-B0F6-802D1115DFC3}.AppStore|iPhone.ActiveCfg = Debug|Any CPU
		{34F9EEBF-33D0-4533-B0F6-802D1115DFC3}.AppStore|iPhone.Build.0 = Debug|Any CPU
		{34F9EEBF-33D0-4533-B0F6-802D1115DFC3}.AppStore|iPhoneSimulator.ActiveCfg = Debug|Any CPU
		{34F9EEBF-33D0-4533-B0F6-802D1115DFC3}.AppStore|iPhoneSimulator.Build.0 = Debug|Any CPU
		{34F9EEBF-33D0-4533-B0F6-802D1115DFC3}.Debug|Any CPU.ActiveCfg = Debug|Any CPU
		{34F9EEBF-33D0-4533-B0F6-802D1115DFC3}.Debug|Any CPU.Build.0 = Debug|Any CPU
		{34F9EEBF-33D0-4533-B0F6-802D1115DFC3}.Debug|iPhone.ActiveCfg = Debug|Any CPU
		{34F9EEBF-33D0-4533-B0F6-802D1115DFC3}.Debug|iPhone.Build.0 = Debug|Any CPU
		{34F9EEBF-33D0-4533-B0F6-802D1115DFC3}.Debug|iPhoneSimulator.ActiveCfg = Debug|Any CPU
		{34F9EEBF-33D0-4533-B0F6-802D1115DFC3}.Debug|iPhoneSimulator.Build.0 = Debug|Any CPU
		{34F9EEBF-33D0-4533-B0F6-802D1115DFC3}.Release|Any CPU.ActiveCfg = Release|Any CPU
		{34F9EEBF-33D0-4533-B0F6-802D1115DFC3}.Release|Any CPU.Build.0 = Release|Any CPU
		{34F9EEBF-33D0-4533-B0F6-802D1115DFC3}.Release|iPhone.ActiveCfg = Release|Any CPU
		{34F9EEBF-33D0-4533-B0F6-802D1115DFC3}.Release|iPhone.Build.0 = Release|Any CPU
		{34F9EEBF-33D0-4533-B0F6-802D1115DFC3}.Release|iPhoneSimulator.ActiveCfg = Release|Any CPU
		{34F9EEBF-33D0-4533-B0F6-802D1115DFC3}.Release|iPhoneSimulator.Build.0 = Release|Any CPU
	EndGlobalSection
	GlobalSection(SolutionProperties) = preSolution
		HideSolutionNode = FALSE
	EndGlobalSection
	GlobalSection(ExtensibilityGlobals) = postSolution
		SolutionGuid = {8CDFA5C8-9DF2-4B35-90B0-DE9C0EA66A51}
	EndGlobalSection
EndGlobal
